
Microsoft Visual Studio Solution File, Format Version 12.00
# Visual Studio 15
VisualStudioVersion = 15.0.28307.852
MinimumVisualStudioVersion = 10.0.40219.1
Project("{888888A0-9F3D-457C-B088-3A5042F75D52}") = "pr4", "pr4.pyproj", "{C6A91D8E-7514-44DB-84E0-218DBE57EBDE}"
EndProject
Global
	GlobalSection(SolutionConfigurationPlatforms) = preSolution
		Debug|Any CPU = Debug|Any CPU
		Release|Any CPU = Release|Any CPU
	EndGlobalSection
	GlobalSection(ProjectConfigurationPlatforms) = postSolution
		{C6A91D8E-7514-44DB-84E0-218DBE57EBDE}.Debug|Any CPU.ActiveCfg = Debug|Any CPU
		{C6A91D8E-7514-44DB-84E0-218DBE57EBDE}.Debug|Any CPU.Build.0 = Debug|Any CPU
		{C6A91D8E-7514-44DB-84E0-218DBE57EBDE}.Release|Any CPU.ActiveCfg = Release|Any CPU
		{C6A91D8E-7514-44DB-84E0-218DBE57EBDE}.Release|Any CPU.Build.0 = Release|Any CPU
	EndGlobalSection
	GlobalSection(SolutionProperties) = preSolution
		HideSolutionNode = FALSE
	EndGlobalSection
	GlobalSection(ExtensibilityGlobals) = postSolution
		SolutionGuid = {293930CC-DA68-4DDF-990B-77C5B03C865F}
	EndGlobalSection
EndGlobal
